{
  "requires": true,
  "lockfileVersion": 1,
  "dependencies": {
    "g-sheets-api": {
      "version": "1.0.3",
      "resolved": "https://registry.npmjs.org/g-sheets-api/-/g-sheets-api-1.0.3.tgz",
      "integrity": "sha512-B9kEA5L4g1Nf0xxUXAW+N3TFURu9hvTZ1RMCHcU7no37IYFXCPO6+JRuIfdmlUImvXGgLpOf+FVqIV0gCBHncg==",
      "dev": true
    }
  }
}
